
Microsoft Visual Studio Solution File, Format Version 12.00
# Visual Studio Version 17
VisualStudioVersion = 17.14.36301.6
MinimumVisualStudioVersion = 10.0.40219.1
Project("{2150E333-8FDC-42A3-9474-1A3956D46DE8}") = "01 - Api", "01 - Api", "{02EA681E-C7D8-13C7-8484-4AC65E1B71E8}"
EndProject
Project("{2150E333-8FDC-42A3-9474-1A3956D46DE8}") = "02 - Application", "02 - Application", "{F7FE4678-1D96-4A0A-B0AA-144D10C4E425}"
EndProject
Project("{2150E333-8FDC-42A3-9474-1A3956D46DE8}") = "03 - Domain", "03 - Domain", "{1EA28CA5-FC8A-4B5C-A84D-DB8EEF8F9BF3}"
EndProject
Project("{2150E333-8FDC-42A3-9474-1A3956D46DE8}") = "04 - Infrastructure", "04 - Infrastructure", "{FF4E6F7E-0FBC-4105-AFA4-87E5E541A22B}"
EndProject
Project("{FAE04EC0-301F-11D3-BF4B-00C04F79EFBC}") = "TaskManagement.Domain", "TaskManagement.Domain\TaskManagement.Domain.csproj", "{F12D849E-0BD8-4AD2-934C-86426F9E96CB}"
EndProject
Project("{FAE04EC0-301F-11D3-BF4B-00C04F79EFBC}") = "TaskManagement.Application", "TaskManagement.Application\TaskManagement.Application.csproj", "{9296F81F-D45E-4CDC-8588-A65B8ADF6430}"
	ProjectSection(ProjectDependencies) = postProject
		{F12D849E-0BD8-4AD2-934C-86426F9E96CB} = {F12D849E-0BD8-4AD2-934C-86426F9E96CB}
	EndProjectSection
EndProject
Project("{FAE04EC0-301F-11D3-BF4B-00C04F79EFBC}") = "TaskManagement.Data", "TaskManagement.Data\TaskManagement.Data.csproj", "{83C71FB8-5C5E-456D-8508-7D8EBAC05156}"
EndProject
Project("{FAE04EC0-301F-11D3-BF4B-00C04F79EFBC}") = "TaskManagement.Api", "TaskManagement.Api\TaskManagement.Api.csproj", "{01FE8A12-4F1D-4E05-B0EC-9FC2BCE3E5C2}"
	ProjectSection(ProjectDependencies) = postProject
		{83C71FB8-5C5E-456D-8508-7D8EBAC05156} = {83C71FB8-5C5E-456D-8508-7D8EBAC05156}
		{9296F81F-D45E-4CDC-8588-A65B8ADF6430} = {9296F81F-D45E-4CDC-8588-A65B8ADF6430}
	EndProjectSection
EndProject
Project("{2150E333-8FDC-42A3-9474-1A3956D46DE8}") = "Itens de Solução", "Itens de Solução", "{380A7511-A354-6D7A-0CC0-8FA1F1BA7B6C}"
	ProjectSection(SolutionItems) = preProject
		docker-compose.yml = docker-compose.yml
	EndProjectSection
EndProject
Global
	GlobalSection(SolutionConfigurationPlatforms) = preSolution
		Debug|Any CPU = Debug|Any CPU
		Release|Any CPU = Release|Any CPU
	EndGlobalSection
	GlobalSection(ProjectConfigurationPlatforms) = postSolution
		{F12D849E-0BD8-4AD2-934C-86426F9E96CB}.Debug|Any CPU.ActiveCfg = Debug|Any CPU
		{F12D849E-0BD8-4AD2-934C-86426F9E96CB}.Debug|Any CPU.Build.0 = Debug|Any CPU
		{F12D849E-0BD8-4AD2-934C-86426F9E96CB}.Release|Any CPU.ActiveCfg = Release|Any CPU
		{F12D849E-0BD8-4AD2-934C-86426F9E96CB}.Release|Any CPU.Build.0 = Release|Any CPU
		{9296F81F-D45E-4CDC-8588-A65B8ADF6430}.Debug|Any CPU.ActiveCfg = Debug|Any CPU
		{9296F81F-D45E-4CDC-8588-A65B8ADF6430}.Debug|Any CPU.Build.0 = Debug|Any CPU
		{9296F81F-D45E-4CDC-8588-A65B8ADF6430}.Release|Any CPU.ActiveCfg = Release|Any CPU
		{9296F81F-D45E-4CDC-8588-A65B8ADF6430}.Release|Any CPU.Build.0 = Release|Any CPU
		{83C71FB8-5C5E-456D-8508-7D8EBAC05156}.Debug|Any CPU.ActiveCfg = Debug|Any CPU
		{83C71FB8-5C5E-456D-8508-7D8EBAC05156}.Debug|Any CPU.Build.0 = Debug|Any CPU
		{83C71FB8-5C5E-456D-8508-7D8EBAC05156}.Release|Any CPU.ActiveCfg = Release|Any CPU
		{83C71FB8-5C5E-456D-8508-7D8EBAC05156}.Release|Any CPU.Build.0 = Release|Any CPU
		{01FE8A12-4F1D-4E05-B0EC-9FC2BCE3E5C2}.Debug|Any CPU.ActiveCfg = Debug|Any CPU
		{01FE8A12-4F1D-4E05-B0EC-9FC2BCE3E5C2}.Debug|Any CPU.Build.0 = Debug|Any CPU
		{01FE8A12-4F1D-4E05-B0EC-9FC2BCE3E5C2}.Release|Any CPU.ActiveCfg = Release|Any CPU
		{01FE8A12-4F1D-4E05-B0EC-9FC2BCE3E5C2}.Release|Any CPU.Build.0 = Release|Any CPU
	EndGlobalSection
	GlobalSection(SolutionProperties) = preSolution
		HideSolutionNode = FALSE
	EndGlobalSection
	GlobalSection(NestedProjects) = preSolution
		{F12D849E-0BD8-4AD2-934C-86426F9E96CB} = {1EA28CA5-FC8A-4B5C-A84D-DB8EEF8F9BF3}
		{9296F81F-D45E-4CDC-8588-A65B8ADF6430} = {F7FE4678-1D96-4A0A-B0AA-144D10C4E425}
		{83C71FB8-5C5E-456D-8508-7D8EBAC05156} = {FF4E6F7E-0FBC-4105-AFA4-87E5E541A22B}
		{01FE8A12-4F1D-4E05-B0EC-9FC2BCE3E5C2} = {02EA681E-C7D8-13C7-8484-4AC65E1B71E8}
	EndGlobalSection
	GlobalSection(ExtensibilityGlobals) = postSolution
		SolutionGuid = {AE739D27-EBA4-4E9E-9DA7-3507D9D0AE83}
	EndGlobalSection
EndGlobal
